
Microsoft Visual Studio Solution File, Format Version 12.00
# Visual Studio Version 16
VisualStudioVersion = 16.0.29521.150
MinimumVisualStudioVersion = 10.0.40219.1
Project("{9A19103F-16F7-4668-BE54-9A1E7A4F7556}") = "WebApi", "WebApi\WebApi.csproj", "{2D2E2D99-9094-486F-95EC-B59A6E302052}"
EndProject
Project("{9A19103F-16F7-4668-BE54-9A1E7A4F7556}") = "Api.Entitys", "Api.Entitys\Api.Entitys.csproj", "{7E7E3740-5B5B-4A20-8EE9-B0EFF61CADEC}"
EndProject
Project("{9A19103F-16F7-4668-BE54-9A1E7A4F7556}") = "Api.Services", "Api.Services\Api.Services.csproj", "{C1D2A67B-20E2-4DE8-B5AE-24825CF92571}"
EndProject
Project("{FAE04EC0-301F-11D3-BF4B-00C04F79EFBC}") = "Api.Tests", "Api.Tests\Api.Tests.csproj", "{9D7EB9D8-B7D9-4193-9EDE-CA37D827D63E}"
EndProject
Global
	GlobalSection(SolutionConfigurationPlatforms) = preSolution
		Debug|Any CPU = Debug|Any CPU
		Release|Any CPU = Release|Any CPU
	EndGlobalSection
	GlobalSection(ProjectConfigurationPlatforms) = postSolution
		{2D2E2D99-9094-486F-95EC-B59A6E302052}.Debug|Any CPU.ActiveCfg = Debug|Any CPU
		{2D2E2D99-9094-486F-95EC-B59A6E302052}.Debug|Any CPU.Build.0 = Debug|Any CPU
		{2D2E2D99-9094-486F-95EC-B59A6E302052}.Release|Any CPU.ActiveCfg = Release|Any CPU
		{2D2E2D99-9094-486F-95EC-B59A6E302052}.Release|Any CPU.Build.0 = Release|Any CPU
		{7E7E3740-5B5B-4A20-8EE9-B0EFF61CADEC}.Debug|Any CPU.ActiveCfg = Debug|Any CPU
		{7E7E3740-5B5B-4A20-8EE9-B0EFF61CADEC}.Debug|Any CPU.Build.0 = Debug|Any CPU
		{7E7E3740-5B5B-4A20-8EE9-B0EFF61CADEC}.Release|Any CPU.ActiveCfg = Release|Any CPU
		{7E7E3740-5B5B-4A20-8EE9-B0EFF61CADEC}.Release|Any CPU.Build.0 = Release|Any CPU
		{C1D2A67B-20E2-4DE8-B5AE-24825CF92571}.Debug|Any CPU.ActiveCfg = Debug|Any CPU
		{C1D2A67B-20E2-4DE8-B5AE-24825CF92571}.Debug|Any CPU.Build.0 = Debug|Any CPU
		{C1D2A67B-20E2-4DE8-B5AE-24825CF92571}.Release|Any CPU.ActiveCfg = Release|Any CPU
		{C1D2A67B-20E2-4DE8-B5AE-24825CF92571}.Release|Any CPU.Build.0 = Release|Any CPU
		{9D7EB9D8-B7D9-4193-9EDE-CA37D827D63E}.Debug|Any CPU.ActiveCfg = Debug|Any CPU
		{9D7EB9D8-B7D9-4193-9EDE-CA37D827D63E}.Debug|Any CPU.Build.0 = Debug|Any CPU
		{9D7EB9D8-B7D9-4193-9EDE-CA37D827D63E}.Release|Any CPU.ActiveCfg = Release|Any CPU
		{9D7EB9D8-B7D9-4193-9EDE-CA37D827D63E}.Release|Any CPU.Build.0 = Release|Any CPU
	EndGlobalSection
	GlobalSection(SolutionProperties) = preSolution
		HideSolutionNode = FALSE
	EndGlobalSection
	GlobalSection(ExtensibilityGlobals) = postSolution
		SolutionGuid = {8C49F52C-51B4-4C4A-BFDE-98059F637EE6}
	EndGlobalSection
EndGlobal
